// !$*UTF8*$!
{
	archiveVersion = 1;
	classes = {
	};
	objectVersion = 110;
	objects = {

/* Begin PBXBuildFile section */
		FE7C7BED306120F400221C95 /* AppDelegate.swift in Sources */ = {isa = PBXBuildFile; fileRef = FE7C7BEC306120F400221C95 /* AppDelegate.swift */; };
		FE7C7BF1306120F400221C95 /* Main.html in Resources */ = {isa = PBXBuildFile; fileRef = FE7C7BEF306120F400221C95 /* Main.html */; };
		FE7C7BF3306120F400221C95 /* Icon.png in Resources */ = {isa = PBXBuildFile; fileRef = FE7C7BF2306120F400221C95 /* Icon.png */; };
		FE7C7BF5306120F400221C95 /* Style.css in Resources */ = {isa = PBXBuildFile; fileRef = FE7C7BF4306120F400221C95 /* Style.css */; };
		FE7C7BF7306120F400221C95 /* Script.js in Resources */ = {isa = PBXBuildFile; fileRef = FE7C7BF6306120F400221C95 /* Script.js */; };
		FE7C7BF9306120F400221C95 /* ViewController.swift in Sources */ = {isa = PBXBuildFile; fileRef = FE7C7BF8306120F400221C95 /* ViewController.swift */; };
		FE7C7BFC306120F400221C95 /* Main.storyboard in Resources */ = {isa = PBXBuildFile; fileRef = FE7C7BFA306120F400221C95 /* Main.storyboard */; };
		FE7C7BFE306120F400221C95 /* Assets.xcassets in Resources */ = {isa = PBXBuildFile; fileRef = FE7C7BFD306120F400221C95 /* Assets.xcassets */; };
		FE7C7C05306120F500221C95 /* Frappe Pilot Extension.appex in Embed Foundation Extensions */ = {isa = PBXBuildFile; fileRef = FE7C7C04306120F500221C95 /* Frappe Pilot Extension.appex */; settings = {ATTRIBUTES = (RemoveHeadersOnCopy, ); }; };
		FE7C7C0A306120F500221C95 /* SafariWebExtensionHandler.swift in Sources */ = {isa = PBXBuildFile; fileRef = FE7C7C09306120F500221C95 /* SafariWebExtensionHandler.swift */; };
		FE7C7C20306120F500221C95 /* icon.png in Resources */ = {isa = PBXBuildFile; fileRef = FE7C7C16306120F500221C95 /* icon.png */; };
		FE7C7C21306120F500221C95 /* popup.js in Resources */ = {isa = PBXBuildFile; fileRef = FE7C7C17306120F500221C95 /* popup.js */; };
		FE7C7C22306120F500221C95 /* styles.css in Resources */ = {isa = PBXBuildFile; fileRef = FE7C7C18306120F500221C95 /* styles.css */; };
		FE7C7C23306120F500221C95 /* background.js in Resources */ = {isa = PBXBuildFile; fileRef = FE7C7C19306120F500221C95 /* background.js */; };
		FE7C7C24306120F500221C95 /* popup.html in Resources */ = {isa = PBXBuildFile; fileRef = FE7C7C1A306120F500221C95 /* popup.html */; };
		FE7C7C25306120F500221C95 /* tabs.js in Resources */ = {isa = PBXBuildFile; fileRef = FE7C7C1B306120F500221C95 /* tabs.js */; };
		FE7C7C26306120F500221C95 /* safari in Resources */ = {isa = PBXBuildFile; fileRef = FE7C7C1C306120F500221C95 /* safari */; };
		FE7C7C27306120F500221C95 /* manifest.json in Resources */ = {isa = PBXBuildFile; fileRef = FE7C7C1D306120F500221C95 /* manifest.json */; };
		FE7C7C28306120F500221C95 /* inject.js in Resources */ = {isa = PBXBuildFile; fileRef = FE7C7C1E306120F500221C95 /* inject.js */; };
		FE7C7C29306120F500221C95 /* content.js in Resources */ = {isa = PBXBuildFile; fileRef = FE7C7C1F306120F500221C95 /* content.js */; };
/* End PBXBuildFile section */

/* Begin PBXContainerItemProxy section */
		FE7C7C06306120F500221C95 /* PBXContainerItemProxy */ = {
			isa = PBXContainerItemProxy;
			containerPortal = FE7C7BE1306120F400221C95 /* Project object */;
			proxyType = 1;
			remoteGlobalIDString = FE7C7C03306120F500221C95;
			remoteInfo = "Frappe Pilot Extension";
		};
/* End PBXContainerItemProxy section */

/* Begin PBXCopyFilesBuildPhase section */
		FE7C7C11306120F500221C95 /* Embed Foundation Extensions */ = {
			isa = PBXCopyFilesBuildPhase;
			dstPath = "";
			dstSubfolder = PlugIns;
			files = (
				FE7C7C05306120F500221C95 /* Frappe Pilot Extension.appex in Embed Foundation Extensions */,
			);
			name = "Embed Foundation Extensions";
		};
/* End PBXCopyFilesBuildPhase section */

/* Begin PBXFileReference section */
		FE7C7BE9306120F400221C95 /* Frappe Pilot.app */ = {isa = PBXFileReference; explicitFileType = wrapper.application; includeInIndex = 0; path = "Frappe Pilot.app"; sourceTree = BUILT_PRODUCTS_DIR; };
		FE7C7BEC306120F400221C95 /* AppDelegate.swift */ = {isa = PBXFileReference; lastKnownFileType = sourcecode.swift; path = AppDelegate.swift; sourceTree = "<group>"; };
		FE7C7BF0306120F400221C95 /* Base */ = {isa = PBXFileReference; lastKnownFileType = text.html; name = Base; path = Base.lproj/Main.html; sourceTree = "<group>"; };
		FE7C7BF2306120F400221C95 /* Icon.png */ = {isa = PBXFileReference; lastKnownFileType = image.png; path = Icon.png; sourceTree = "<group>"; };
		FE7C7BF4306120F400221C95 /* Style.css */ = {isa = PBXFileReference; lastKnownFileType = text.css; path = Style.css; sourceTree = "<group>"; };
		FE7C7BF6306120F400221C95 /* Script.js */ = {isa = PBXFileReference; lastKnownFileType = sourcecode.javascript; path = Script.js; sourceTree = "<group>"; };
		FE7C7BF8306120F400221C95 /* ViewController.swift */ = {isa = PBXFileReference; lastKnownFileType = sourcecode.swift; path = ViewController.swift; sourceTree = "<group>"; };
		FE7C7BFB306120F400221C95 /* Base */ = {isa = PBXFileReference; lastKnownFileType = file.storyboard; name = Base; path = Base.lproj/Main.storyboard; sourceTree = "<group>"; };
		FE7C7BFD306120F400221C95 /* Assets.xcassets */ = {isa = PBXFileReference; lastKnownFileType = folder.assetcatalog; path = Assets.xcassets; sourceTree = "<group>"; };
		FE7C7BFF306120F400221C95 /* Info.plist */ = {isa = PBXFileReference; lastKnownFileType = text.plist.xml; path = Info.plist; sourceTree = "<group>"; };
		FE7C7C04306120F500221C95 /* Frappe Pilot Extension.appex */ = {isa = PBXFileReference; explicitFileType = "wrapper.app-extension"; includeInIndex = 0; path = "Frappe Pilot Extension.appex"; sourceTree = BUILT_PRODUCTS_DIR; };
		FE7C7C09306120F500221C95 /* SafariWebExtensionHandler.swift */ = {isa = PBXFileReference; lastKnownFileType = sourcecode.swift; path = SafariWebExtensionHandler.swift; sourceTree = "<group>"; };
		FE7C7C0B306120F500221C95 /* Info.plist */ = {isa = PBXFileReference; lastKnownFileType = text.plist.xml; path = Info.plist; sourceTree = "<group>"; };
		FE7C7C16306120F500221C95 /* icon.png */ = {isa = PBXFileReference; lastKnownFileType = image.png; name = icon.png; path = ../../../icon.png; sourceTree = "<group>"; };
		FE7C7C17306120F500221C95 /* popup.js */ = {isa = PBXFileReference; lastKnownFileType = sourcecode.javascript; name = popup.js; path = ../../../popup.js; sourceTree = "<group>"; };
		FE7C7C18306120F500221C95 /* styles.css */ = {isa = PBXFileReference; lastKnownFileType = text.css; name = styles.css; path = ../../../styles.css; sourceTree = "<group>"; };
		FE7C7C19306120F500221C95 /* background.js */ = {isa = PBXFileReference; lastKnownFileType = sourcecode.javascript; name = background.js; path = ../../../background.js; sourceTree = "<group>"; };
		FE7C7C1A306120F500221C95 /* popup.html */ = {isa = PBXFileReference; lastKnownFileType = text.html; name = popup.html; path = ../../../popup.html; sourceTree = "<group>"; };
		FE7C7C1B306120F500221C95 /* tabs.js */ = {isa = PBXFileReference; lastKnownFileType = sourcecode.javascript; name = tabs.js; path = ../../../tabs.js; sourceTree = "<group>"; };
		FE7C7C1C306120F500221C95 /* safari */ = {isa = PBXFileReference; lastKnownFileType = folder; name = safari; path = ../..; sourceTree = "<group>"; };
		FE7C7C1D306120F500221C95 /* manifest.json */ = {isa = PBXFileReference; lastKnownFileType = text.json; name = manifest.json; path = ../../../manifest.json; sourceTree = "<group>"; };
		FE7C7C1E306120F500221C95 /* inject.js */ = {isa = PBXFileReference; lastKnownFileType = sourcecode.javascript; name = inject.js; path = ../../../inject.js; sourceTree = "<group>"; };
		FE7C7C1F306120F500221C95 /* content.js */ = {isa = PBXFileReference; lastKnownFileType = sourcecode.javascript; name = content.js; path = ../../../content.js; sourceTree = "<group>"; };
/* End PBXFileReference section */

/* Begin PBXFrameworksBuildPhase section */
		FE7C7BE6306120F400221C95 /* Frameworks */ = {
			isa = PBXFrameworksBuildPhase;
			files = (
			);
		};
		FE7C7C01306120F500221C95 /* Frameworks */ = {
			isa = PBXFrameworksBuildPhase;
			files = (
			);
		};
/* End PBXFrameworksBuildPhase section */

/* Begin PBXGroup section */
		FE7C7BE0306120F400221C95 = {
			isa = PBXGroup;
			children = (
				FE7C7BEB306120F400221C95 /* Frappe Pilot */,
				FE7C7C08306120F500221C95 /* Frappe Pilot Extension */,
				FE7C7BEA306120F400221C95 /* Products */,
			);
			sourceTree = "<group>";
		};
		FE7C7BEA306120F400221C95 /* Products */ = {
			isa = PBXGroup;
			children = (
				FE7C7BE9306120F400221C95 /* Frappe Pilot.app */,
				FE7C7C04306120F500221C95 /* Frappe Pilot Extension.appex */,
			);
			name = Products;
			sourceTree = "<group>";
		};
		FE7C7BEB306120F400221C95 /* Frappe Pilot */ = {
			isa = PBXGroup;
			children = (
				FE7C7BEC306120F400221C95 /* AppDelegate.swift */,
				FE7C7BF8306120F400221C95 /* ViewController.swift */,
				FE7C7BFA306120F400221C95 /* Main.storyboard */,
				FE7C7BFD306120F400221C95 /* Assets.xcassets */,
				FE7C7BFF306120F400221C95 /* Info.plist */,
				FE7C7BEE306120F400221C95 /* Resources */,
			);
			path = "Frappe Pilot";
			sourceTree = "<group>";
		};
		FE7C7BEE306120F400221C95 /* Resources */ = {
			isa = PBXGroup;
			children = (
				FE7C7BEF306120F400221C95 /* Main.html */,
				FE7C7BF2306120F400221C95 /* Icon.png */,
				FE7C7BF4306120F400221C95 /* Style.css */,
				FE7C7BF6306120F400221C95 /* Script.js */,
			);
			path = Resources;
			sourceTree = "<group>";
		};
		FE7C7C08306120F500221C95 /* Frappe Pilot Extension */ = {
			isa = PBXGroup;
			children = (
				FE7C7C15306120F500221C95 /* Resources */,
				FE7C7C09306120F500221C95 /* SafariWebExtensionHandler.swift */,
				FE7C7C0B306120F500221C95 /* Info.plist */,
			);
			path = "Frappe Pilot Extension";
			sourceTree = "<group>";
		};
		FE7C7C15306120F500221C95 /* Resources */ = {
			isa = PBXGroup;
			children = (
				FE7C7C16306120F500221C95 /* icon.png */,
				FE7C7C17306120F500221C95 /* popup.js */,
				FE7C7C18306120F500221C95 /* styles.css */,
				FE7C7C19306120F500221C95 /* background.js */,
				FE7C7C1A306120F500221C95 /* popup.html */,
				FE7C7C1B306120F500221C95 /* tabs.js */,
				FE7C7C1C306120F500221C95 /* safari */,
				FE7C7C1D306120F500221C95 /* manifest.json */,
				FE7C7C1E306120F500221C95 /* inject.js */,
				FE7C7C1F306120F500221C95 /* content.js */,
			);
			name = Resources;
			path = "Frappe Pilot Extension";
			sourceTree = SOURCE_ROOT;
		};
/* End PBXGroup section */

/* Begin PBXNativeTarget section */
		FE7C7BE8306120F400221C95 /* Frappe Pilot */ = {
			isa = PBXNativeTarget;
			buildConfigurationList = FE7C7C12306120F500221C95 /* Build configuration list for PBXNativeTarget "Frappe Pilot" */;
			buildPhases = (
				FE7C7BE5306120F400221C95 /* Sources */,
				FE7C7BE6306120F400221C95 /* Frameworks */,
				FE7C7BE7306120F400221C95 /* Resources */,
				FE7C7C11306120F500221C95 /* Embed Foundation Extensions */,
			);
			buildRules = (
			);
			dependencies = (
				FE7C7C07306120F500221C95 /* PBXTargetDependency */,
			);
			name = "Frappe Pilot";
			productName = "Frappe Pilot";
			productReference = FE7C7BE9306120F400221C95 /* Frappe Pilot.app */;
			productType = "com.apple.product-type.application";
		};
		FE7C7C03306120F500221C95 /* Frappe Pilot Extension */ = {
			isa = PBXNativeTarget;
			buildConfigurationList = FE7C7C0E306120F500221C95 /* Build configuration list for PBXNativeTarget "Frappe Pilot Extension" */;
			buildPhases = (
				FE7C7C00306120F500221C95 /* Sources */,
				FE7C7C01306120F500221C95 /* Frameworks */,
				FE7C7C02306120F500221C95 /* Resources */,
			);
			buildRules = (
			);
			name = "Frappe Pilot Extension";
			productName = "Frappe Pilot Extension";
			productReference = FE7C7C04306120F500221C95 /* Frappe Pilot Extension.appex */;
			productType = "com.apple.product-type.app-extension";
		};
/* End PBXNativeTarget section */

/* Begin PBXProject section */
		FE7C7BE1306120F400221C95 /* Project object */ = {
			isa = PBXProject;
			attributes = {
				BuildIndependentTargetsInParallel = 1;
				LastSwiftUpdateCheck = 2700;
				LastUpgradeCheck = 2700;
				TargetAttributes = {
					FE7C7BE8306120F400221C95 = {
						CreatedOnToolsVersion = 27.0;
					};
					FE7C7C03306120F500221C95 = {
						CreatedOnToolsVersion = 27.0;
					};
				};
			};
			buildConfigurationList = FE7C7BE4306120F400221C95 /* Build configuration list for PBXProject "Frappe Pilot" */;
			developmentRegion = en;
			hasScannedForEncodings = 0;
			knownRegions = (
				en,
				Base,
			);
			mainGroup = FE7C7BE0306120F400221C95;
			minimizedProjectReferenceProxies = 1;
			preferredProjectObjectVersion = 77;
			productRefGroup = FE7C7BEA306120F400221C95 /* Products */;
			projectDirPath = "";
			projectRoot = "";
			targets = (
				FE7C7BE8306120F400221C95 /* Frappe Pilot */,
				FE7C7C03306120F500221C95 /* Frappe Pilot Extension */,
			);
		};
/* End PBXProject section */

/* Begin PBXResourcesBuildPhase section */
		FE7C7BE7306120F400221C95 /* Resources */ = {
			isa = PBXResourcesBuildPhase;
			files = (
				FE7C7BF3306120F400221C95 /* Icon.png in Resources */,
				FE7C7BFC306120F400221C95 /* Main.storyboard in Resources */,
				FE7C7BF7306120F400221C95 /* Script.js in Resources */,
				FE7C7BF1306120F400221C95 /* Main.html in Resources */,
				FE7C7BFE306120F400221C95 /* Assets.xcassets in Resources */,
				FE7C7BF5306120F400221C95 /* Style.css in Resources */,
			);
		};
		FE7C7C02306120F500221C95 /* Resources */ = {
			isa = PBXResourcesBuildPhase;
			files = (
				FE7C7C25306120F500221C95 /* tabs.js in Resources */,
				FE7C7C23306120F500221C95 /* background.js in Resources */,
				FE7C7C24306120F500221C95 /* popup.html in Resources */,
				FE7C7C22306120F500221C95 /* styles.css in Resources */,
				FE7C7C29306120F500221C95 /* content.js in Resources */,
				FE7C7C27306120F500221C95 /* manifest.json in Resources */,
				FE7C7C20306120F500221C95 /* icon.png in Resources */,
				FE7C7C21306120F500221C95 /* popup.js in Resources */,
				FE7C7C26306120F500221C95 /* safari in Resources */,
				FE7C7C28306120F500221C95 /* inject.js in Resources */,
			);
		};
/* End PBXResourcesBuildPhase section */

/* Begin PBXSourcesBuildPhase section */
		FE7C7BE5306120F400221C95 /* Sources */ = {
			isa = PBXSourcesBuildPhase;
			files = (
				FE7C7BF9306120F400221C95 /* ViewController.swift in Sources */,
				FE7C7BED306120F400221C95 /* AppDelegate.swift in Sources */,
			);
		};
		FE7C7C00306120F500221C95 /* Sources */ = {
			isa = PBXSourcesBuildPhase;
			files = (
				FE7C7C0A306120F500221C95 /* SafariWebExtensionHandler.swift in Sources */,
			);
		};
/* End PBXSourcesBuildPhase section */

/* Begin PBXTargetDependency section */
		FE7C7C07306120F500221C95 /* PBXTargetDependency */ = {
			isa = PBXTargetDependency;
			target = FE7C7C03306120F500221C95 /* Frappe Pilot Extension */;
			targetProxy = FE7C7C06306120F500221C95 /* PBXContainerItemProxy */;
		};
/* End PBXTargetDependency section */

/* Begin PBXVariantGroup section */
		FE7C7BEF306120F400221C95 /* Main.html */ = {
			isa = PBXVariantGroup;
			children = (
				FE7C7BF0306120F400221C95 /* Base */,
			);
			name = Main.html;
			sourceTree = "<group>";
		};
		FE7C7BFA306120F400221C95 /* Main.storyboard */ = {
			isa = PBXVariantGroup;
			children = (
				FE7C7BFB306120F400221C95 /* Base */,
			);
			name = Main.storyboard;
			sourceTree = "<group>";
		};
/* End PBXVariantGroup section */

/* Begin XCBuildConfiguration section */
		FE7C7C0C306120F500221C95 /* Debug configuration for PBXProject "Frappe Pilot" */ = {
			isa = XCBuildConfiguration;
			buildSettings = {
				ALWAYS_SEARCH_USER_PATHS = NO;
				ASSETCATALOG_COMPILER_GENERATE_SWIFT_ASSET_SYMBOL_EXTENSIONS = YES;
				CLANG_ANALYZER_NONNULL = YES;
				CLANG_ANALYZER_NUMBER_OBJECT_CONVERSION = YES_AGGRESSIVE;
				CLANG_CXX_LANGUAGE_STANDARD = "gnu++20";
				CLANG_ENABLE_MODULES = YES;
				CLANG_ENABLE_OBJC_ARC = YES;
				CLANG_ENABLE_OBJC_WEAK = YES;
				CLANG_WARN_BLOCK_CAPTURE_AUTORELEASING = YES;
				CLANG_WARN_BOOL_CONVERSION = YES;
				CLANG_WARN_COMMA = YES;
				CLANG_WARN_CONSTANT_CONVERSION = YES;
				CLANG_WARN_DEPRECATED_OBJC_IMPLEMENTATIONS = YES;
				CLANG_WARN_DIRECT_OBJC_ISA_USAGE = YES_ERROR;
				CLANG_WARN_DOCUMENTATION_COMMENTS = YES;
				CLANG_WARN_EMPTY_BODY = YES;
				CLANG_WARN_ENUM_CONVERSION = YES;
				CLANG_WARN_INFINITE_RECURSION = YES;
				CLANG_WARN_INT_CONVERSION = YES;
				CLANG_WARN_NON_LITERAL_NULL_CONVERSION = YES;
				CLANG_WARN_OBJC_IMPLICIT_RETAIN_SELF = YES;
				CLANG_WARN_OBJC_LITERAL_CONVERSION = YES;
				CLANG_WARN_OBJC_ROOT_CLASS = YES_ERROR;
				CLANG_WARN_QUOTED_INCLUDE_IN_FRAMEWORK_HEADER = YES;
				CLANG_WARN_RANGE_LOOP_ANALYSIS = YES;
				CLANG_WARN_STRICT_PROTOTYPES = YES;
				CLANG_WARN_SUSPICIOUS_MOVE = YES;
				CLANG_WARN_UNGUARDED_AVAILABILITY = YES_AGGRESSIVE;
				CLANG_WARN_UNREACHABLE_CODE = YES;
				CLANG_WARN__DUPLICATE_METHOD_MATCH = YES;
				COPY_PHASE_STRIP = NO;
				DEBUG_INFORMATION_FORMAT = dwarf;
				ENABLE_STRICT_OBJC_MSGSEND = YES;
				ENABLE_TESTABILITY = YES;
				ENABLE_USER_SCRIPT_SANDBOXING = YES;
				GCC_C_LANGUAGE_STANDARD = gnu17;
				GCC_DYNAMIC_NO_PIC = NO;
				GCC_NO_COMMON_BLOCKS = YES;
				GCC_OPTIMIZATION_LEVEL = 0;
				GCC_PREPROCESSOR_DEFINITIONS = (
					"DEBUG=1",
					"$(inherited)",
				);
				GCC_WARN_64_TO_32_BIT_CONVERSION = YES;
				GCC_WARN_ABOUT_RETURN_TYPE = YES_ERROR;
				GCC_WARN_UNDECLARED_SELECTOR = YES;
				GCC_WARN_UNINITIALIZED_AUTOS = YES_AGGRESSIVE;
				GCC_WARN_UNUSED_FUNCTION = YES;
				GCC_WARN_UNUSED_VARIABLE = YES;
				LOCALIZATION_PREFERS_STRING_CATALOGS = YES;
				MACOSX_DEPLOYMENT_TARGET = 27.0;
				MTL_ENABLE_DEBUG_INFO = INCLUDE_SOURCE;
				MTL_FAST_MATH = YES;
				ONLY_ACTIVE_ARCH = YES;
				SDKROOT = macosx;
				SWIFT_ACTIVE_COMPILATION_CONDITIONS = "DEBUG $(inherited)";
				SWIFT_OPTIMIZATION_LEVEL = "-Onone";
			};
			name = Debug;
		};
		FE7C7C0D306120F500221C95 /* Release configuration for PBXProject "Frappe Pilot" */ = {
			isa = XCBuildConfiguration;
			buildSettings = {
				ALWAYS_SEARCH_USER_PATHS = NO;
				ASSETCATALOG_COMPILER_GENERATE_SWIFT_ASSET_SYMBOL_EXTENSIONS = YES;
				CLANG_ANALYZER_NONNULL = YES;
				CLANG_ANALYZER_NUMBER_OBJECT_CONVERSION = YES_AGGRESSIVE;
				CLANG_CXX_LANGUAGE_STANDARD = "gnu++20";
				CLANG_ENABLE_MODULES = YES;
				CLANG_ENABLE_OBJC_ARC = YES;
				CLANG_ENABLE_OBJC_WEAK = YES;
				CLANG_WARN_BLOCK_CAPTURE_AUTORELEASING = YES;
				CLANG_WARN_BOOL_CONVERSION = YES;
				CLANG_WARN_COMMA = YES;
				CLANG_WARN_CONSTANT_CONVERSION = YES;
				CLANG_WARN_DEPRECATED_OBJC_IMPLEMENTATIONS = YES;
				CLANG_WARN_DIRECT_OBJC_ISA_USAGE = YES_ERROR;
				CLANG_WARN_DOCUMENTATION_COMMENTS = YES;
				CLANG_WARN_EMPTY_BODY = YES;
				CLANG_WARN_ENUM_CONVERSION = YES;
				CLANG_WARN_INFINITE_RECURSION = YES;
				CLANG_WARN_INT_CONVERSION = YES;
				CLANG_WARN_NON_LITERAL_NULL_CONVERSION = YES;
				CLANG_WARN_OBJC_IMPLICIT_RETAIN_SELF = YES;
				CLANG_WARN_OBJC_LITERAL_CONVERSION = YES;
				CLANG_WARN_OBJC_ROOT_CLASS = YES_ERROR;
				CLANG_WARN_QUOTED_INCLUDE_IN_FRAMEWORK_HEADER = YES;
				CLANG_WARN_RANGE_LOOP_ANALYSIS = YES;
				CLANG_WARN_STRICT_PROTOTYPES = YES;
				CLANG_WARN_SUSPICIOUS_MOVE = YES;
				CLANG_WARN_UNGUARDED_AVAILABILITY = YES_AGGRESSIVE;
				CLANG_WARN_UNREACHABLE_CODE = YES;
				CLANG_WARN__DUPLICATE_METHOD_MATCH = YES;
				COPY_PHASE_STRIP = NO;
				DEBUG_INFORMATION_FORMAT = "dwarf-with-dsym";
				ENABLE_NS_ASSERTIONS = NO;
				ENABLE_STRICT_OBJC_MSGSEND = YES;
				ENABLE_USER_SCRIPT_SANDBOXING = YES;
				GCC_C_LANGUAGE_STANDARD = gnu17;
				GCC_NO_COMMON_BLOCKS = YES;
				GCC_WARN_64_TO_32_BIT_CONVERSION = YES;
				GCC_WARN_ABOUT_RETURN_TYPE = YES_ERROR;
				GCC_WARN_UNDECLARED_SELECTOR = YES;
				GCC_WARN_UNINITIALIZED_AUTOS = YES_AGGRESSIVE;
				GCC_WARN_UNUSED_FUNCTION = YES;
				GCC_WARN_UNUSED_VARIABLE = YES;
				LOCALIZATION_PREFERS_STRING_CATALOGS = YES;
				MACOSX_DEPLOYMENT_TARGET = 27.0;
				MTL_ENABLE_DEBUG_INFO = NO;
				MTL_FAST_MATH = YES;
				SDKROOT = macosx;
				SWIFT_COMPILATION_MODE = wholemodule;
			};
			name = Release;
		};
		FE7C7C0F306120F500221C95 /* Debug configuration for PBXNativeTarget "Frappe Pilot Extension" */ = {
			isa = XCBuildConfiguration;
			buildSettings = {
				CODE_SIGN_STYLE = Automatic;
				CURRENT_PROJECT_VERSION = 1;
				ENABLE_APP_SANDBOX = YES;
				ENABLE_HARDENED_RUNTIME = YES;
				ENABLE_USER_SELECTED_FILES = readonly;
				GENERATE_INFOPLIST_FILE = YES;
				INFOPLIST_FILE = "Frappe Pilot Extension/Info.plist";
				INFOPLIST_KEY_CFBundleDisplayName = "Frappe Pilot Extension";
				INFOPLIST_KEY_NSHumanReadableCopyright = "";
				LD_RUNPATH_SEARCH_PATHS = (
					"$(inherited)",
					"@executable_path/../Frameworks",
					"@executable_path/../../../../Frameworks",
				);
				MACOSX_DEPLOYMENT_TARGET = 12.0;
				MARKETING_VERSION = 1.0;
				OTHER_LDFLAGS = (
					"-framework",
					SafariServices,
				);
				PRODUCT_BUNDLE_IDENTIFIER = "com.baladante94.Frappe-Pilot.Extension";
				PRODUCT_NAME = "$(TARGET_NAME)";
				SKIP_INSTALL = YES;
				STRING_CATALOG_GENERATE_SYMBOLS = YES;
				SWIFT_APPROACHABLE_CONCURRENCY = YES;
				SWIFT_EMIT_LOC_STRINGS = YES;
				SWIFT_UPCOMING_FEATURE_MEMBER_IMPORT_VISIBILITY = YES;
				SWIFT_VERSION = 5.0;
			};
			name = Debug;
		};
		FE7C7C10306120F500221C95 /* Release configuration for PBXNativeTarget "Frappe Pilot Extension" */ = {
			isa = XCBuildConfiguration;
			buildSettings = {
				CODE_SIGN_STYLE = Automatic;
				CURRENT_PROJECT_VERSION = 1;
				ENABLE_APP_SANDBOX = YES;
				ENABLE_HARDENED_RUNTIME = YES;
				ENABLE_USER_SELECTED_FILES = readonly;
				GENERATE_INFOPLIST_FILE = YES;
				INFOPLIST_FILE = "Frappe Pilot Extension/Info.plist";
				INFOPLIST_KEY_CFBundleDisplayName = "Frappe Pilot Extension";
				INFOPLIST_KEY_NSHumanReadableCopyright = "";
				LD_RUNPATH_SEARCH_PATHS = (
					"$(inherited)",
					"@executable_path/../Frameworks",
					"@executable_path/../../../../Frameworks",
				);
				MACOSX_DEPLOYMENT_TARGET = 12.0;
				MARKETING_VERSION = 1.0;
				OTHER_LDFLAGS = (
					"-framework",
					SafariServices,
				);
				PRODUCT_BUNDLE_IDENTIFIER = "com.baladante94.Frappe-Pilot.Extension";
				PRODUCT_NAME = "$(TARGET_NAME)";
				SKIP_INSTALL = YES;
				STRING_CATALOG_GENERATE_SYMBOLS = YES;
				SWIFT_APPROACHABLE_CONCURRENCY = YES;
				SWIFT_EMIT_LOC_STRINGS = YES;
				SWIFT_UPCOMING_FEATURE_MEMBER_IMPORT_VISIBILITY = YES;
				SWIFT_VERSION = 5.0;
			};
			name = Release;
		};
		FE7C7C13306120F500221C95 /* Debug configuration for PBXNativeTarget "Frappe Pilot" */ = {
			isa = XCBuildConfiguration;
			buildSettings = {
				ASSETCATALOG_COMPILER_APPICON_NAME = AppIcon;
				ASSETCATALOG_COMPILER_GLOBAL_ACCENT_COLOR_NAME = AccentColor;
				CODE_SIGN_STYLE = Automatic;
				COMBINE_HIDPI_IMAGES = YES;
				CURRENT_PROJECT_VERSION = 1;
				ENABLE_APP_SANDBOX = YES;
				ENABLE_HARDENED_RUNTIME = YES;
				ENABLE_OUTGOING_NETWORK_CONNECTIONS = YES;
				ENABLE_USER_SELECTED_FILES = readonly;
				GENERATE_INFOPLIST_FILE = YES;
				INFOPLIST_FILE = "Frappe Pilot/Info.plist";
				INFOPLIST_KEY_CFBundleDisplayName = "Frappe Pilot";
				INFOPLIST_KEY_NSHumanReadableCopyright = "";
				INFOPLIST_KEY_NSMainStoryboardFile = Main;
				INFOPLIST_KEY_NSPrincipalClass = NSApplication;
				INFOPLIST_KEY_NSViewGestureRecognizerIsExclusive = NO;
				LD_RUNPATH_SEARCH_PATHS = (
					"$(inherited)",
					"@executable_path/../Frameworks",
				);
				MARKETING_VERSION = 1.0;
				OTHER_LDFLAGS = (
					"-framework",
					SafariServices,
					"-framework",
					WebKit,
				);
				PRODUCT_BUNDLE_IDENTIFIER = "com.baladante94.Frappe-Pilot";
				PRODUCT_NAME = "$(TARGET_NAME)";
				REGISTER_APP_GROUPS = YES;
				STRING_CATALOG_GENERATE_SYMBOLS = YES;
				SWIFT_APPROACHABLE_CONCURRENCY = YES;
				SWIFT_DEFAULT_ACTOR_ISOLATION = MainActor;
				SWIFT_EMIT_LOC_STRINGS = YES;
				SWIFT_UPCOMING_FEATURE_MEMBER_IMPORT_VISIBILITY = YES;
				SWIFT_VERSION = 5.0;
			};
			name = Debug;
		};
		FE7C7C14306120F500221C95 /* Release configuration for PBXNativeTarget "Frappe Pilot" */ = {
			isa = XCBuildConfiguration;
			buildSettings = {
				ASSETCATALOG_COMPILER_APPICON_NAME = AppIcon;
				ASSETCATALOG_COMPILER_GLOBAL_ACCENT_COLOR_NAME = AccentColor;
				CODE_SIGN_STYLE = Automatic;
				COMBINE_HIDPI_IMAGES = YES;
				CURRENT_PROJECT_VERSION = 1;
				ENABLE_APP_SANDBOX = YES;
				ENABLE_HARDENED_RUNTIME = YES;
				ENABLE_OUTGOING_NETWORK_CONNECTIONS = YES;
				ENABLE_USER_SELECTED_FILES = readonly;
				GENERATE_INFOPLIST_FILE = YES;
				INFOPLIST_FILE = "Frappe Pilot/Info.plist";
				INFOPLIST_KEY_CFBundleDisplayName = "Frappe Pilot";
				INFOPLIST_KEY_NSHumanReadableCopyright = "";
				INFOPLIST_KEY_NSMainStoryboardFile = Main;
				INFOPLIST_KEY_NSPrincipalClass = NSApplication;
				INFOPLIST_KEY_NSViewGestureRecognizerIsExclusive = NO;
				LD_RUNPATH_SEARCH_PATHS = (
					"$(inherited)",
					"@executable_path/../Frameworks",
				);
				MARKETING_VERSION = 1.0;
				OTHER_LDFLAGS = (
					"-framework",
					SafariServices,
					"-framework",
					WebKit,
				);
				PRODUCT_BUNDLE_IDENTIFIER = "com.baladante94.Frappe-Pilot";
				PRODUCT_NAME = "$(TARGET_NAME)";
				REGISTER_APP_GROUPS = YES;
				STRING_CATALOG_GENERATE_SYMBOLS = YES;
				SWIFT_APPROACHABLE_CONCURRENCY = YES;
				SWIFT_DEFAULT_ACTOR_ISOLATION = MainActor;
				SWIFT_EMIT_LOC_STRINGS = YES;
				SWIFT_UPCOMING_FEATURE_MEMBER_IMPORT_VISIBILITY = YES;
				SWIFT_VERSION = 5.0;
			};
			name = Release;
		};
/* End XCBuildConfiguration section */

/* Begin XCConfigurationList section */
		FE7C7BE4306120F400221C95 /* Build configuration list for PBXProject "Frappe Pilot" */ = {
			isa = XCConfigurationList;
			buildConfigurations = (
				FE7C7C0C306120F500221C95 /* Debug configuration for PBXProject "Frappe Pilot" */,
				FE7C7C0D306120F500221C95 /* Release configuration for PBXProject "Frappe Pilot" */,
			);
			defaultConfigurationName = Release;
		};
		FE7C7C0E306120F500221C95 /* Build configuration list for PBXNativeTarget "Frappe Pilot Extension" */ = {
			isa = XCConfigurationList;
			buildConfigurations = (
				FE7C7C0F306120F500221C95 /* Debug configuration for PBXNativeTarget "Frappe Pilot Extension" */,
				FE7C7C10306120F500221C95 /* Release configuration for PBXNativeTarget "Frappe Pilot Extension" */,
			);
			defaultConfigurationName = Release;
		};
		FE7C7C12306120F500221C95 /* Build configuration list for PBXNativeTarget "Frappe Pilot" */ = {
			isa = XCConfigurationList;
			buildConfigurations = (
				FE7C7C13306120F500221C95 /* Debug configuration for PBXNativeTarget "Frappe Pilot" */,
				FE7C7C14306120F500221C95 /* Release configuration for PBXNativeTarget "Frappe Pilot" */,
			);
			defaultConfigurationName = Release;
		};
/* End XCConfigurationList section */
	};
	rootObject = FE7C7BE1306120F400221C95 /* Project object */;
	validationLevel = 1;
}
